
Microsoft Visual Studio Solution File, Format Version 12.00
# Visual Studio Version 17
VisualStudioVersion = 17.5.33516.290
MinimumVisualStudioVersion = 10.0.40219.1
Project("{FAE04EC0-301F-11D3-BF4B-00C04F79EFBC}") = "JamTanganKita", "JamTanganKita\JamTanganKita.csproj", "{19B55161-6F91-40B8-B1DE-CA2E99D388D0}"
EndProject
Global
	GlobalSection(SolutionConfigurationPlatforms) = preSolution
		Debug|Any CPU = Debug|Any CPU
		Release|Any CPU = Release|Any CPU
	EndGlobalSection
	GlobalSection(ProjectConfigurationPlatforms) = postSolution
		{19B55161-6F91-40B8-B1DE-CA2E99D388D0}.Debug|Any CPU.ActiveCfg = Debug|Any CPU
		{19B55161-6F91-40B8-B1DE-CA2E99D388D0}.Debug|Any CPU.Build.0 = Debug|Any CPU
		{19B55161-6F91-40B8-B1DE-CA2E99D388D0}.Release|Any CPU.ActiveCfg = Release|Any CPU
		{19B55161-6F91-40B8-B1DE-CA2E99D388D0}.Release|Any CPU.Build.0 = Release|Any CPU
	EndGlobalSection
	GlobalSection(SolutionProperties) = preSolution
		HideSolutionNode = FALSE
	EndGlobalSection
	GlobalSection(ExtensibilityGlobals) = postSolution
		SolutionGuid = {588121DD-4309-4889-87AD-BF7AC34E3B27}
	EndGlobalSection
EndGlobal
